Microsoft Visual Studio Solution File, Format Version 12.00
# Visual Studio Version 17
VisualStudioVersion = 17.5.2.0
MinimumVisualStudioVersion = 10.0.40219.1
Project("{2150E333-8FDC-42A3-9474-1A3956D46DE8}") = "tools", "tools", "{07C2787E-EAC7-C090-1BA3-A61EC2A24D84}"
EndProject
Project("{2150E333-8FDC-42A3-9474-1A3956D46DE8}") = "launcher", "launcher", "{95792A43-DAD8-C5C3-48D7-4D46143CA31E}"
EndProject
Project("{FAE04EC0-301F-11D3-BF4B-00C04F79EFBC}") = "LitematicaBA.Launcher", "tools\launcher\LitematicaBA.Launcher.csproj", "{4767216D-CD54-7F5A-9380-3BF620723C59}"
EndProject
Global
	GlobalSection(SolutionConfigurationPlatforms) = preSolution
		Debug|Any CPU = Debug|Any CPU
		Release|Any CPU = Release|Any CPU
	EndGlobalSection
	GlobalSection(ProjectConfigurationPlatforms) = postSolution
		{4767216D-CD54-7F5A-9380-3BF620723C59}.Debug|Any CPU.ActiveCfg = Debug|Any CPU
		{4767216D-CD54-7F5A-9380-3BF620723C59}.Debug|Any CPU.Build.0 = Debug|Any CPU
		{4767216D-CD54-7F5A-9380-3BF620723C59}.Release|Any CPU.ActiveCfg = Release|Any CPU
		{4767216D-CD54-7F5A-9380-3BF620723C59}.Release|Any CPU.Build.0 = Release|Any CPU
	EndGlobalSection
	GlobalSection(SolutionProperties) = preSolution
		HideSolutionNode = FALSE
	EndGlobalSection
	GlobalSection(NestedProjects) = preSolution
		{95792A43-DAD8-C5C3-48D7-4D46143CA31E} = {07C2787E-EAC7-C090-1BA3-A61EC2A24D84}
		{4767216D-CD54-7F5A-9380-3BF620723C59} = {95792A43-DAD8-C5C3-48D7-4D46143CA31E}
	EndGlobalSection
	GlobalSection(ExtensibilityGlobals) = postSolution
		SolutionGuid = {594BF6FE-17FB-46E3-BEB1-8ACB1E5F3DEC}
	EndGlobalSection
EndGlobal
